{
  "name": "react-native-maps-directions",
  "version": "1.7.0-beta.0",
  "lockfileVersion": 1,
  "requires": true,
  "dependencies": {
    "@types/prop-types": {
      "version": "15.7.1",
      "resolved": "https://registry.npmjs.org/@types/prop-types/-/prop-types-15.7.1.tgz",
      "integrity": "sha512-CFzn9idOEpHrgdw8JsoTkaDDyRWk1jrzIV8djzcgpq0y9tG4B4lFT+Nxh52DVpDXV+n4+NPNv7M1Dj5uMp6XFg==",
      "dev": true
    },
    "@types/react": {
      "version": "16.8.16",
      "resolved": "https://registry.npmjs.org/@types/react/-/react-16.8.16.tgz",
      "integrity": "sha512-A0+6kS6zwPtvubOLiCJmZ8li5bm3wKIkoKV0h3RdMDOnCj9cYkUnj3bWbE03/lcICdQmwBmUfoFiHeNhbFiyHQ==",
      "dev": true,
      "requires": {
        "@types/prop-types": "*",
        "csstype": "^2.2.0"
      }
    },
    "@types/react-native": {
      "version": "0.57.51",
      "resolved": "https://registry.npmjs.org/@types/react-native/-/react-native-0.57.51.tgz",
      "integrity": "sha512-0LkXPeV1Hn+5zZ0BE6RBrBJTpM2P4S+306H9lKdi220PHFwMtHt1k8SiQpqUA2yjpi+c6pFIq6H2zZGusPHT9w==",
      "dev": true,
      "requires": {
        "@types/prop-types": "*",
        "@types/react": "*"
      }
    },
    "csstype": {
      "version": "2.6.4",
      "resolved": "https://registry.npmjs.org/csstype/-/csstype-2.6.4.tgz",
      "integrity": "sha512-lAJUJP3M6HxFXbqtGRc0iZrdyeN+WzOWeY0q/VnFzI+kqVrYIzC7bWlKqCW7oCIdzoPkvfp82EVvrTlQ8zsWQg==",
      "dev": true
    },
    "typescript": {
      "version": "3.4.5",
      "resolved": "https://registry.npmjs.org/typescript/-/typescript-3.4.5.tgz",
      "integrity": "sha512-YycBxUb49UUhdNMU5aJ7z5Ej2XGmaIBL0x34vZ82fn3hGvD+bgrMrVDpatgz2f7YxUMJxMkbWxJZeAvDxVe7Vw==",
      "dev": true
    }
  }
}
